{
  "version": "5",
  "specifiers": {
    "jsr:@deno/cache-dir@0.13.2": "0.13.2",
    "jsr:@deno/emit@*": "0.46.0",
    "jsr:@deno/graph@~0.73.1": "0.73.1",
    "jsr:@denosaurs/plug@1": "1.1.0",
    "jsr:@mwid/better-sse@*": "0.16.1",
    "jsr:@std/assert@*": "0.223.0",
    "jsr:@std/assert@0.223": "0.223.0",
    "jsr:@std/async@*": "1.0.16",
    "jsr:@std/bytes@0.223": "0.223.0",
    "jsr:@std/bytes@^1.0.6": "1.0.6",
    "jsr:@std/cli@^1.0.28": "1.0.28",
    "jsr:@std/encoding@1": "1.0.10",
    "jsr:@std/encoding@^1.0.10": "1.0.10",
    "jsr:@std/fmt@*": "1.0.9",
    "jsr:@std/fmt@0.223": "0.223.0",
    "jsr:@std/fmt@1": "1.0.9",
    "jsr:@std/fmt@^1.0.9": "1.0.9",
    "jsr:@std/fs@*": "1.0.23",
    "jsr:@std/fs@0.223": "0.223.0",
    "jsr:@std/fs@1": "1.0.23",
    "jsr:@std/fs@^1.0.19": "1.0.23",
    "jsr:@std/fs@^1.0.23": "1.0.23",
    "jsr:@std/html@^1.0.5": "1.0.5",
    "jsr:@std/http@*": "1.0.25",
    "jsr:@std/internal@^1.0.12": "1.0.12",
    "jsr:@std/io@0.223": "0.223.0",
    "jsr:@std/json@^1.0.2": "1.0.2",
    "jsr:@std/jsonc@*": "1.0.2",
    "jsr:@std/media-types@^1.1.0": "1.1.0",
    "jsr:@std/net@^1.0.6": "1.0.6",
    "jsr:@std/path@*": "1.1.4",
    "jsr:@std/path@0.223": "0.223.0",
    "jsr:@std/path@1": "1.1.4",
    "jsr:@std/path@^1.1.2": "1.1.4",
    "jsr:@std/path@^1.1.4": "1.1.4",
    "jsr:@std/streams@*": "1.0.17",
    "jsr:@std/streams@^1.0.17": "1.0.17",
    "jsr:@std/yaml@*": "1.0.10",
    "jsr:@webui/deno-webui@*": "2.5.13",
    "jsr:@webui/deno-webui@2.5.13": "2.5.13",
    "jsr:@webview/webview@*": "0.9.0",
    "jsr:@zip-js/zip-js@^2.8.7": "2.8.24",
    "npm:@danielx/civet@*": "0.11.6_typescript@5.9.3",
    "npm:@danielx/civet@latest": "0.11.6_typescript@5.9.3",
    "npm:@danielx/hera@*": "0.8.18",
    "npm:@danielx/hera@latest": "0.8.18",
    "npm:@types/node@*": "22.5.4",
    "npm:@unblessed/blessed@*": "1.0.0-alpha.23_omggif@1.0.10_pngjs@7.0.0",
    "npm:@unblessed/node@*": "1.0.0-alpha.23_omggif@1.0.10_pngjs@7.0.0",
    "npm:console-gui-tools@*": "3.7.0",
    "npm:console-gui-tools@^3.7.0": "3.7.0",
    "npm:fast-deep-equal@*": "3.1.3",
    "npm:fast-deep-equal@latest": "3.1.3",
    "npm:inline-source-map@*": "0.6.3",
    "npm:make-synchronous@*": "2.1.0",
    "npm:n-readlines@*": "3.4.0",
    "npm:source-map-sync@*": "0.8.0-beta.2",
    "npm:source-map@*": "0.5.7",
    "npm:svelte@*": "5.46.0_acorn@8.15.0",
    "npm:typescript@*": "5.9.3",
    "npm:uglify-js@*": "3.19.3",
    "npm:uglify-js@latest": "3.19.3"
  },
  "jsr": {
    "@deno/cache-dir@0.13.2": {
      "integrity": "c22419dfe27ab85f345bee487aaaadba498b005cce3644e9d2528db035c5454d",
      "dependencies": [
        "jsr:@deno/graph",
        "jsr:@std/fmt@0.223",
        "jsr:@std/fs@0.223",
        "jsr:@std/io",
        "jsr:@std/path@0.223"
      ]
    },
    "@deno/emit@0.46.0": {
      "integrity": "e276be2c77bac1b93caf775762e2a49a54cb00da2d48ca2b01ed8d7cba9d082c",
      "dependencies": [
        "jsr:@deno/cache-dir",
        "jsr:@std/path@0.223"
      ]
    },
    "@deno/graph@0.73.1": {
      "integrity": "cd69639d2709d479037d5ce191a422eabe8d71bb68b0098344f6b07411c84d41"
    },
    "@denosaurs/plug@1.1.0": {
      "integrity": "eb2f0b7546c7bca2000d8b0282c54d50d91cf6d75cb26a80df25a6de8c4bc044",
      "dependencies": [
        "jsr:@std/encoding@1",
        "jsr:@std/fmt@1",
        "jsr:@std/fs@1",
        "jsr:@std/path@1"
      ]
    },
    "@mwid/better-sse@0.16.1": {
      "integrity": "83c29e0965aefb46eee627bc3aac8359a9f0820944a178d8ed85dc9011d7b9c6"
    },
    "@std/assert@0.223.0": {
      "integrity": "eb8d6d879d76e1cc431205bd346ed4d88dc051c6366365b1af47034b0670be24",
      "dependencies": [
        "jsr:@std/fmt@0.223"
      ]
    },
    "@std/async@1.0.16": {
      "integrity": "6c9e43035313b67b5de43e2b3ee3eadb39a488a0a0a3143097f112e025d3ee9a"
    },
    "@std/bytes@0.223.0": {
      "integrity": "84b75052cd8680942c397c2631318772b295019098f40aac5c36cead4cba51a8"
    },
    "@std/bytes@1.0.6": {
      "integrity": "f6ac6adbd8ccd99314045f5703e23af0a68d7f7e58364b47d2c7f408aeb5820a"
    },
    "@std/cli@1.0.28": {
      "integrity": "74ef9b976db59ca6b23a5283469c9072be6276853807a83ec6c7ce412135c70a"
    },
    "@std/encoding@1.0.10": {
      "integrity": "8783c6384a2d13abd5e9e87a7ae0520a30e9f56aeeaa3bdf910a3eaaf5c811a1"
    },
    "@std/fmt@0.223.0": {
      "integrity": "6deb37794127dfc7d7bded2586b9fc6f5d50e62a8134846608baf71ffc1a5208"
    },
    "@std/fmt@1.0.9": {
      "integrity": "2487343e8899fb2be5d0e3d35013e54477ada198854e52dd05ed0422eddcabe0"
    },
    "@std/fs@0.223.0": {
      "integrity": "3b4b0550b2c524cbaaa5a9170c90e96cbb7354e837ad1bdaf15fc9df1ae9c31c",
      "dependencies": [
        "jsr:@std/assert@0.223",
        "jsr:@std/path@0.223"
      ]
    },
    "@std/fs@1.0.23": {
      "integrity": "3ecbae4ce4fee03b180fa710caff36bb5adb66631c46a6460aaad49515565a37",
      "dependencies": [
        "jsr:@std/internal",
        "jsr:@std/path@^1.1.4"
      ]
    },
    "@std/html@1.0.5": {
      "integrity": "4e2d693f474cae8c16a920fa5e15a3b72267b94b84667f11a50c6dd1cb18d35e"
    },
    "@std/http@1.0.25": {
      "integrity": "577b4252290af1097132812b339fffdd55fb0f4aeb98ff11bdbf67998aa17193",
      "dependencies": [
        "jsr:@std/cli",
        "jsr:@std/encoding@^1.0.10",
        "jsr:@std/fmt@^1.0.9",
        "jsr:@std/fs@^1.0.23",
        "jsr:@std/html",
        "jsr:@std/media-types",
        "jsr:@std/net",
        "jsr:@std/path@^1.1.4",
        "jsr:@std/streams@^1.0.17"
      ]
    },
    "@std/internal@1.0.12": {
      "integrity": "972a634fd5bc34b242024402972cd5143eac68d8dffaca5eaa4dba30ce17b027"
    },
    "@std/io@0.223.0": {
      "integrity": "2d8c3c2ab3a515619b90da2c6ff5ea7b75a94383259ef4d02116b228393f84f1",
      "dependencies": [
        "jsr:@std/assert@0.223",
        "jsr:@std/bytes@0.223"
      ]
    },
    "@std/json@1.0.2": {
      "integrity": "d9e5497801c15fb679f55a2c01c7794ad7a5dfda4dd1bebab5e409cb5e0d34d4"
    },
    "@std/jsonc@1.0.2": {
      "integrity": "909605dae3af22bd75b1cbda8d64a32cf1fd2cf6efa3f9e224aba6d22c0f44c7",
      "dependencies": [
        "jsr:@std/json"
      ]
    },
    "@std/media-types@1.1.0": {
      "integrity": "c9d093f0c05c3512932b330e3cc1fe1d627b301db33a4c2c2185c02471d6eaa4"
    },
    "@std/net@1.0.6": {
      "integrity": "110735f93e95bb9feb95790a8b1d1bf69ec0dc74f3f97a00a76ea5efea25500c"
    },
    "@std/path@0.223.0": {
      "integrity": "593963402d7e6597f5a6e620931661053572c982fc014000459edc1f93cc3989",
      "dependencies": [
        "jsr:@std/assert@0.223"
      ]
    },
    "@std/path@1.1.4": {
      "integrity": "1d2d43f39efb1b42f0b1882a25486647cb851481862dc7313390b2bb044314b5",
      "dependencies": [
        "jsr:@std/internal"
      ]
    },
    "@std/streams@1.0.16": {
      "integrity": "85030627befb1767c60d4f65cb30fa2f94af1d6ee6e5b2515b76157a542e89c4",
      "dependencies": [
        "jsr:@std/bytes@^1.0.6"
      ]
    },
    "@std/streams@1.0.17": {
      "integrity": "7859f3d9deed83cf4b41f19223d4a67661b3d3819e9fc117698f493bf5992140",
      "dependencies": [
        "jsr:@std/bytes@^1.0.6"
      ]
    },
    "@std/yaml@1.0.10": {
      "integrity": "245706ea3511cc50c8c6d00339c23ea2ffa27bd2c7ea5445338f8feff31fa58e"
    },
    "@webui/deno-webui@2.5.13": {
      "integrity": "6f03345e19b943177766a30ed728a0e16c228757b5469bceee6092a7e18a25f9",
      "dependencies": [
        "jsr:@std/fs@^1.0.19",
        "jsr:@std/path@^1.1.2",
        "jsr:@zip-js/zip-js"
      ]
    },
    "@webview/webview@0.9.0": {
      "integrity": "a7c4d787aafa43258ff287f71a16679d5ca3d9b65e5d232c60c3985f9ab3e0ce",
      "dependencies": [
        "jsr:@denosaurs/plug"
      ]
    },
    "@zip-js/zip-js@2.8.24": {
      "integrity": "3e5744893e2b08f82ec3706ffad05398ee03ab2628457d805e449efda354994b"
    }
  },
  "npm": {
    "@cspotcode/source-map-support@0.8.1": {
      "integrity": "sha512-IchNf6dN4tHoMFIn/7OE8LWZ19Y6q/67Bmf6vnGREv8RSbBVb9LPJxEcnwrcwX6ixSvaiGoomAUvu4YSxXrVgw==",
      "dependencies": [
        "@jridgewell/trace-mapping@0.3.9"
      ]
    },
    "@danielx/civet@0.11.6_typescript@5.9.3": {
      "integrity": "sha512-KPCF4ngJsabPzEBdUxk7FcONwT+rP/yvwJChfDfzLXJYwCqvMRW2c7yQ31Ve6dAz2tSHya3NhTS1BDbmGInxMQ==",
      "dependencies": [
        "@cspotcode/source-map-support",
        "typescript",
        "unplugin"
      ],
      "optionalPeers": [
        "typescript"
      ],
      "bin": true
    },
    "@danielx/hera@0.8.18": {
      "integrity": "sha512-8lw3hFCE5n6mv7Nj7AA3pzEDmNeu5AIEIB6PCkFnKr+F3+8uvX7e3+cJMHpKcpsZh30/rVWqa/e9hXGlsYDooA==",
      "bin": true
    },
    "@jridgewell/gen-mapping@0.3.13": {
      "integrity": "sha512-2kkt/7niJ6MgEPxF0bYdQ6etZaA+fQvDcLKckhy1yIQOzaoKjBBjSj63/aLVjYE3qhRt5dvM+uUyfCg6UKCBbA==",
      "dependencies": [
        "@jridgewell/sourcemap-codec",
        "@jridgewell/trace-mapping@0.3.31"
      ]
    },
    "@jridgewell/remapping@2.3.5": {
      "integrity": "sha512-LI9u/+laYG4Ds1TDKSJW2YPrIlcVYOwi2fUC6xB43lueCjgxV4lffOCZCtYFiH6TNOX+tQKXx97T4IKHbhyHEQ==",
      "dependencies": [
        "@jridgewell/gen-mapping",
        "@jridgewell/trace-mapping@0.3.31"
      ]
    },
    "@jridgewell/resolve-uri@3.1.2": {
      "integrity": "sha512-bRISgCIjP20/tbWSPWMEi54QVPRZExkuD9lJL+UIxUKtwVJA8wW1Trb1jMs1RFXo1CBTNZ/5hpC9QvmKWdopKw=="
    },
    "@jridgewell/sourcemap-codec@1.5.5": {
      "integrity": "sha512-cYQ9310grqxueWbl+WuIUIaiUaDcj7WOq5fVhEljNVgRfOUhY9fy2zTvfoqWsnebh8Sl70VScFbICvJnLKB0Og=="
    },
    "@jridgewell/trace-mapping@0.3.31": {
      "integrity": "sha512-zzNR+SdQSDJzc8joaeP8QQoCQr8NuYx2dIIytl1QeBEZHJ9uW6hebsrYgbz8hJwUQao3TWCMtmfV8Nu1twOLAw==",
      "dependencies": [
        "@jridgewell/resolve-uri",
        "@jridgewell/sourcemap-codec"
      ]
    },
    "@jridgewell/trace-mapping@0.3.9": {
      "integrity": "sha512-3Belt6tdc8bPgAtbcmdtNJlirVoTmEb5e2gC94PnkwEW9jI6CAHUeoG85tjWP5WquqfavoMtMwiG4P926ZKKuQ==",
      "dependencies": [
        "@jridgewell/resolve-uri",
        "@jridgewell/sourcemap-codec"
      ]
    },
    "@sveltejs/acorn-typescript@1.0.8_acorn@8.15.0": {
      "integrity": "sha512-esgN+54+q0NjB0Y/4BomT9samII7jGwNy/2a3wNZbT2A2RpmXsXwUt24LvLhx6jUq2gVk4cWEvcRO6MFQbOfNA==",
      "dependencies": [
        "acorn"
      ]
    },
    "@types/estree@1.0.8": {
      "integrity": "sha512-dWHzHa2WqEXI/O1E9OjrocMTKJl2mSrEolh1Iomrv6U+JuNwaHXsXx9bLu5gG7BUWFIN0skIQJQ/L1rIex4X6w=="
    },
    "@types/node@22.5.4": {
      "integrity": "sha512-FDuKUJQm/ju9fT/SeX/6+gBzoPzlVCzfzmGkwKvRHQVxi4BntVbyIwf6a4Xn62mrvndLiml6z/UBXIdEVjQLXg==",
      "dependencies": [
        "undici-types"
      ]
    },
    "@unblessed/blessed@1.0.0-alpha.23_omggif@1.0.10_pngjs@7.0.0": {
      "integrity": "sha512-7wMhMhauxMF+coNdGWqyvcL5w59G5KgN1gl8OZoV18ykAQAfUUF641pbNyYr0NJBh71tF520J2EBpbLlmObcLA==",
      "dependencies": [
        "@unblessed/core",
        "omggif",
        "pngjs"
      ],
      "bin": true
    },
    "@unblessed/core@1.0.0-alpha.23": {
      "integrity": "sha512-SHGQUsUSGnO4kCQIzAijFuEe6hog3e9KYC2Cc6gZqxPeiLpwg0TXVs5PeswSO8GrkgYQyC/kVAKNGbC4ASsSEw=="
    },
    "@unblessed/node@1.0.0-alpha.23_omggif@1.0.10_pngjs@7.0.0": {
      "integrity": "sha512-040TwF8h2f2LJ8lKs5ftKt/WLOaBcjKfkKtith3w6YOgm6ZcygCNJu5fDOwqpxqJtukPG5/JvIhnCmgnNORCdQ==",
      "dependencies": [
        "@unblessed/core",
        "omggif",
        "pngjs"
      ]
    },
    "acorn@8.15.0": {
      "integrity": "sha512-NZyJarBfL7nWwIq+FDL6Zp/yHEhePMNnnJ0y3qfieCrmNvYct8uvtiV41UvlSe6apAfk0fY1FbWx+NwfmpvtTg==",
      "bin": true
    },
    "aria-query@5.3.2": {
      "integrity": "sha512-COROpnaoap1E2F000S62r6A60uHZnmlvomhfyT2DlTcrY1OrBKn2UhH7qn5wTC9zMvD0AY7csdPSNwKP+7WiQw=="
    },
    "axobject-query@4.1.0": {
      "integrity": "sha512-qIj0G9wZbMGNLjLmg1PT6v2mE9AH2zlnADJD/2tC6E00hgmhUOfEB6greHPAfLRSufHqROIUTkw6E+M3lH0PTQ=="
    },
    "chalk@5.6.2": {
      "integrity": "sha512-7NzBL0rN6fMUW+f7A6Io4h40qQlG+xGmtMxfbnH/K7TAtt8JQWVQK+6g0UXKMeVJoyV5EkkNsErQ8pVD3bLHbA=="
    },
    "clsx@2.1.1": {
      "integrity": "sha512-eYm0QWBtUrBWZWG0d386OGAw16Z995PiOVo2B7bjWSbHedGl5e0ZWaq65kOGgUSNesEIDkB9ISbTg/JK9dhCZA=="
    },
    "console-gui-tools@3.7.0": {
      "integrity": "sha512-81GdIMyNhtMsU/WL2D2g11H14o2aQTuijDAJgwEG55ZE7ryOpu6Gamuc9j4gFKTuwAAGW9nYFJbu59g9kzn5nA==",
      "dependencies": [
        "chalk"
      ]
    },
    "crypto-random-string@4.0.0": {
      "integrity": "sha512-x8dy3RnvYdlUcPOjkEHqozhiwzKNSq7GcPuXFbnyMOCHxX8V3OgIg/pYuabl2sbUPfIJaeAQB7PMOK8DFIdoRA==",
      "dependencies": [
        "type-fest@1.4.0"
      ]
    },
    "devalue@5.6.1": {
      "integrity": "sha512-jDwizj+IlEZBunHcOuuFVBnIMPAEHvTsJj0BcIp94xYguLRVBcXO853px/MyIJvbVzWdsGvrRweIUWJw8hBP7A=="
    },
    "escape-string-regexp@5.0.0": {
      "integrity": "sha512-/veY75JbMK4j1yjvuUxuVsiS/hr/4iHs9FTT6cgTexxdE0Ly/glccBAkloH/DofkjRbZU3bnoj38mOmhkZ0lHw=="
    },
    "esm-env@1.2.2": {
      "integrity": "sha512-Epxrv+Nr/CaL4ZcFGPJIYLWFom+YeV1DqMLHJoEd9SYRxNbaFruBwfEX/kkHUJf55j2+TUbmDcmuilbP1TmXHA=="
    },
    "esrap@2.2.1": {
      "integrity": "sha512-GiYWG34AN/4CUyaWAgunGt0Rxvr1PTMlGC0vvEov/uOQYWne2bpN03Um+k8jT+q3op33mKouP2zeJ6OlM+qeUg==",
      "dependencies": [
        "@jridgewell/sourcemap-codec"
      ]
    },
    "fast-deep-equal@3.1.3": {
      "integrity": "sha512-f3qQ9oQy9j2AhBe/H9VC91wLmKBCCU/gDOnKNAYG5hswO7BLKj09Hc5HYNz9cGI++xlpDCIgDaitVs03ATR84Q=="
    },
    "inline-source-map@0.6.3": {
      "integrity": "sha512-1aVsPEsJWMJq/pdMU61CDlm1URcW702MTB4w9/zUjMus6H/Py8o7g68Pr9D4I6QluWGt/KdmswuRhaA05xVR1w==",
      "dependencies": [
        "source-map"
      ]
    },
    "is-reference@3.0.3": {
      "integrity": "sha512-ixkJoqQvAP88E6wLydLGGqCJsrFUnqoH6HnaczB8XmDH1oaWU+xxdptvikTgaEhtZ53Ky6YXiBuUI2WXLMCwjw==",
      "dependencies": [
        "@types/estree"
      ]
    },
    "locate-character@3.0.0": {
      "integrity": "sha512-SW13ws7BjaeJ6p7Q6CO2nchbYEc3X3J6WrmTTDto7yMPqVSZTUyY5Tjbid+Ab8gLnATtygYtiDIJGQRRn2ZOiA=="
    },
    "lodash.sortby@4.7.0": {
      "integrity": "sha512-HDWXG8isMntAyRF5vZ7xKuEvOhT4AhlRt/3czTSjvGUxjYCBVRQY48ViDHyfYz9VIoBkW4TMGQNapx+l3RUwdA=="
    },
    "magic-string@0.30.21": {
      "integrity": "sha512-vd2F4YUyEXKGcLHoq+TEyCjxueSeHnFxyyjNp80yg0XV4vUhnDer/lvvlqM/arB5bXQN5K2/3oinyCRyx8T2CQ==",
      "dependencies": [
        "@jridgewell/sourcemap-codec"
      ]
    },
    "make-synchronous@2.1.0": {
      "integrity": "sha512-4ZFUrdoJbeCpWpNtpO0aJSh3uTR7tfuWwKj3wHai7fyrkjRoSOhbETz622o52ZuwaQONIi9XnwFvCtu/kD81dw==",
      "dependencies": [
        "subsume",
        "type-fest@4.41.0"
      ]
    },
    "n-readlines@3.4.0": {
      "integrity": "sha512-KZAak+qhAy+IN0aYO1HyRXCZIrowJ12p04BCXPhbEy3HFmVVZ23tDLWrr7oVEZw1sNkJNlzx1RETVf44ZodADQ=="
    },
    "omggif@1.0.10": {
      "integrity": "sha512-LMJTtvgc/nugXj0Vcrrs68Mn2D1r0zf630VNtqtpI1FEO7e+O9FP4gqs9AcnBaSEeoHIPm28u6qgPR0oyEpGSw=="
    },
    "picomatch@4.0.4": {
      "integrity": "sha512-QP88BAKvMam/3NxH6vj2o21R6MjxZUAd6nlwAS/pnGvN9IVLocLHxGYIzFhg6fUQ+5th6P4dv4eW9jX3DSIj7A=="
    },
    "pngjs@7.0.0": {
      "integrity": "sha512-LKWqWJRhstyYo9pGvgor/ivk2w94eSjE3RGVuzLGlr3NmD8bf7RcYGze1mNdEHRP6TRP6rMuDHk5t44hnTRyow=="
    },
    "punycode@2.3.1": {
      "integrity": "sha512-vYt7UD1U9Wg6138shLtLOvdAu+8DsC/ilFtEVHcH+wydcSpNE20AfSOduf6MkRFahL5FY7X1oU7nKVZFtfq8Fg=="
    },
    "source-map-sync@0.8.0-beta.2": {
      "integrity": "sha512-Q4ejvN6wENaQdYVcq4lMm/vHN9TiSoc/6hQbUhP2DogZ0kYIEYaQlYLbgJ8hEF0eFpQDeEkQAsMiARscl1Ur/Q==",
      "dependencies": [
        "whatwg-url"
      ]
    },
    "source-map@0.5.7": {
      "integrity": "sha512-LbrmJOMUSdEVxIKvdcJzQC+nQhe8FUZQTXQy6+I75skNgn3OoQ0DZA8YnFa7gp8tqtL3KPf1kmo0R5DoApeSGQ=="
    },
    "subsume@4.0.0": {
      "integrity": "sha512-BWnYJElmHbYZ/zKevy+TG+SsyoFCmRPDHJbR1MzLxkPOv1Jp/4hGhVUtP98s+wZBsBsHwCXvPTP0x287/WMjGg==",
      "dependencies": [
        "escape-string-regexp",
        "unique-string"
      ]
    },
    "svelte@5.46.0_acorn@8.15.0": {
      "integrity": "sha512-ZhLtvroYxUxr+HQJfMZEDRsGsmU46x12RvAv/zi9584f5KOX7bUrEbhPJ7cKFmUvZTJXi/CFZUYwDC6M1FigPw==",
      "dependencies": [
        "@jridgewell/remapping",
        "@jridgewell/sourcemap-codec",
        "@sveltejs/acorn-typescript",
        "@types/estree",
        "acorn",
        "aria-query",
        "axobject-query",
        "clsx",
        "devalue",
        "esm-env",
        "esrap",
        "is-reference",
        "locate-character",
        "magic-string",
        "zimmerframe"
      ]
    },
    "tr46@1.0.1": {
      "integrity": "sha512-dTpowEjclQ7Kgx5SdBkqRzVhERQXov8/l9Ft9dVM9fmg0W0KQSVaXX9T4i6twCPNtYiZM53lpSSUAwJbFPOHxA==",
      "dependencies": [
        "punycode"
      ]
    },
    "type-fest@1.4.0": {
      "integrity": "sha512-yGSza74xk0UG8k+pLh5oeoYirvIiWo5t0/o3zHHAO2tRDiZcxWP7fywNlXhqb6/r6sWvwi+RsyQMWhVLe4BVuA=="
    },
    "type-fest@4.41.0": {
      "integrity": "sha512-TeTSQ6H5YHvpqVwBRcnLDCBnDOHWYu7IvGbHT6N8AOymcr9PJGjc1GTtiWZTYg0NCgYwvnYWEkVChQAr9bjfwA=="
    },
    "typescript@5.9.3": {
      "integrity": "sha512-jl1vZzPDinLr9eUt3J/t7V6FgNEw9QjvBPdysz9KfQDD41fQrC2Y4vKQdiaUpFT4bXlb1RHhLpp8wtm6M5TgSw==",
      "bin": true
    },
    "uglify-js@3.19.3": {
      "integrity": "sha512-v3Xu+yuwBXisp6QYTcH4UbH+xYJXqnq2m/LtQVWKWzYc1iehYnLixoQDN9FH6/j9/oybfd6W9Ghwkl8+UMKTKQ==",
      "bin": true
    },
    "undici-types@6.19.8": {
      "integrity": "sha512-ve2KP6f/JnbPBFyobGHuerC9g1FYGn/F8n1LWTwNxCEzd6IfqTwUQcNXgEtmmQ6DlRrC1hrSrBnCZPokRrDHjw=="
    },
    "unique-string@3.0.0": {
      "integrity": "sha512-VGXBUVwxKMBUznyffQweQABPRRW1vHZAbadFZud4pLFAqRGvv/96vafgjWFqzourzr8YonlQiPgH0YCJfawoGQ==",
      "dependencies": [
        "crypto-random-string"
      ]
    },
    "unplugin@2.3.11": {
      "integrity": "sha512-5uKD0nqiYVzlmCRs01Fhs2BdkEgBS3SAVP6ndrBsuK42iC2+JHyxM05Rm9G8+5mkmRtzMZGY8Ct5+mliZxU/Ww==",
      "dependencies": [
        "@jridgewell/remapping",
        "acorn",
        "picomatch",
        "webpack-virtual-modules"
      ]
    },
    "webidl-conversions@4.0.2": {
      "integrity": "sha512-YQ+BmxuTgd6UXZW3+ICGfyqRyHXVlD5GtQr5+qjiNW7bF0cqrzX500HVXPBOvgXb5YnzDd+h0zqyv61KUD7+Sg=="
    },
    "webpack-virtual-modules@0.6.2": {
      "integrity": "sha512-66/V2i5hQanC51vBQKPH4aI8NMAcBW59FVBs+rC7eGHupMyfn34q7rZIE+ETlJ+XTevqfUhVVBgSUNSW2flEUQ=="
    },
    "whatwg-url@7.1.0": {
      "integrity": "sha512-WUu7Rg1DroM7oQvGWfOiAK21n74Gg+T4elXEQYkOhtyLeWiJFoOGLXPKI/9gzIie9CtwVLm8wtw6YJdKyxSjeg==",
      "dependencies": [
        "lodash.sortby",
        "tr46",
        "webidl-conversions"
      ]
    },
    "zimmerframe@1.1.4": {
      "integrity": "sha512-B58NGBEoc8Y9MWWCQGl/gq9xBCe4IiKM0a2x7GZdQKOW5Exr8S1W24J6OgM1njK8xCRGvAJIL/MxXHf6SkmQKQ=="
    }
  },
  "remote": {
    "https://deno.land/std@0.184.0/_util/asserts.ts": "178dfc49a464aee693a7e285567b3d0b555dc805ff490505a8aae34f9cfb1462",
    "https://deno.land/std@0.184.0/_util/os.ts": "d932f56d41e4f6a6093d56044e29ce637f8dcc43c5a90af43504a889cf1775e3",
    "https://deno.land/std@0.184.0/encoding/hex.ts": "b4b1a7cb678745b0bf181ed8cf2498c7be00d121a7de244b752fbf9c7d9c48cd",
    "https://deno.land/std@0.184.0/fmt/colors.ts": "d67e3cd9f472535241a8e410d33423980bec45047e343577554d3356e1f0ef4e",
    "https://deno.land/std@0.184.0/fs/_util.ts": "579038bebc3bd35c43a6a7766f7d91fbacdf44bc03468e9d3134297bb99ed4f9",
    "https://deno.land/std@0.184.0/fs/copy.ts": "14214efd94fc3aa6db1e4af2b4b9578e50f7362b7f3725d5a14ad259a5df26c8",
    "https://deno.land/std@0.184.0/fs/empty_dir.ts": "c3d2da4c7352fab1cf144a1ecfef58090769e8af633678e0f3fabaef98594688",
    "https://deno.land/std@0.184.0/fs/ensure_dir.ts": "dc64c4c75c64721d4e3fb681f1382f803ff3d2868f08563ff923fdd20d071c40",
    "https://deno.land/std@0.184.0/fs/ensure_file.ts": "c38602670bfaf259d86ca824a94e6cb9e5eb73757fefa4ebf43a90dd017d53d9",
    "https://deno.land/std@0.184.0/fs/ensure_link.ts": "c0f5b2f0ec094ed52b9128eccb1ee23362a617457aa0f699b145d4883f5b2fb4",
    "https://deno.land/std@0.184.0/fs/ensure_symlink.ts": "5006ab2f458159c56d689b53b1e48d57e05eeb1eaf64e677f7f76a30bc4fdba1",
    "https://deno.land/std@0.184.0/fs/eol.ts": "f1f2eb348a750c34500741987b21d65607f352cf7205f48f4319d417fff42842",
    "https://deno.land/std@0.184.0/fs/exists.ts": "29c26bca8584a22876be7cb8844f1b6c8fc35e9af514576b78f5c6884d7ed02d",
    "https://deno.land/std@0.184.0/fs/expand_glob.ts": "e4f56259a0a70fe23f05215b00de3ac5e6ba46646ab2a06ebbe9b010f81c972a",
    "https://deno.land/std@0.184.0/fs/mod.ts": "bc3d0acd488cc7b42627044caf47d72019846d459279544e1934418955ba4898",
    "https://deno.land/std@0.184.0/fs/move.ts": "b4f8f46730b40c32ea3c0bc8eb0fd0e8139249a698883c7b3756424cf19785c9",
    "https://deno.land/std@0.184.0/fs/walk.ts": "920be35a7376db6c0b5b1caf1486fb962925e38c9825f90367f8f26b5e5d0897",
    "https://deno.land/std@0.184.0/path/_constants.ts": "e49961f6f4f48039c0dfed3c3f93e963ca3d92791c9d478ac5b43183413136e0",
    "https://deno.land/std@0.184.0/path/_interface.ts": "6471159dfbbc357e03882c2266d21ef9afdb1e4aa771b0545e90db58a0ba314b",
    "https://deno.land/std@0.184.0/path/_util.ts": "d7abb1e0dea065f427b89156e28cdeb32b045870acdf865833ba808a73b576d0",
    "https://deno.land/std@0.184.0/path/common.ts": "ee7505ab01fd22de3963b64e46cff31f40de34f9f8de1fff6a1bd2fe79380000",
    "https://deno.land/std@0.184.0/path/glob.ts": "d479e0a695621c94d3fd7fe7abd4f9499caf32a8de13f25073451c6ef420a4e1",
    "https://deno.land/std@0.184.0/path/mod.ts": "bf718f19a4fdd545aee1b06409ca0805bd1b68ecf876605ce632e932fe54510c",
    "https://deno.land/std@0.184.0/path/posix.ts": "8b7c67ac338714b30c816079303d0285dd24af6b284f7ad63da5b27372a2c94d",
    "https://deno.land/std@0.184.0/path/separator.ts": "0fb679739d0d1d7bf45b68dacfb4ec7563597a902edbaf3c59b50d5bcadd93b1",
    "https://deno.land/std@0.184.0/path/win32.ts": "d186344e5583bcbf8b18af416d13d82b35a317116e6460a5a3953508c3de5bba",
    "https://deno.land/x/plug@1.0.2/deps.ts": "36846a478fafaa1d8ca18aafd91584a748aa58de47ad0f45f008881dad82f374",
    "https://deno.land/x/plug@1.0.2/download.ts": "b92bc1c1ae35fdb75828847f1ebfc7e51bf462f339729740e1cffe78384e1509",
    "https://deno.land/x/plug@1.0.2/mod.ts": "32e0006ed6142e7becdb4103c2aa4e1e9ef28459d7243d6cb404a028f7c4eb7e",
    "https://deno.land/x/plug@1.0.2/types.ts": "0490359117c53783138f2b6692a34f85bca9237314ba8cdef8ad682d81218d21",
    "https://deno.land/x/plug@1.0.2/util.ts": "ded3db6e9bb16b8003899d9073fb310e13231ca617b35d6b7dfd53f38762cc76",
    "https://deno.land/x/webview@0.7.6/deps.ts": "952f155c6e78a032288e25356bebdede04dd982f32457de541ff47e2aefff685",
    "https://deno.land/x/webview@0.7.6/mod.ts": "c63ad9bffdf37742d84aa3637e1a4e7e3cad7303a80bbe87ce3048b27d2f3d89",
    "https://deno.land/x/webview@0.7.6/src/ffi.ts": "b86e4bc26e31d78e4fed1e19551c412654fbccf29066ea6f68edeb7821bb8032",
    "https://deno.land/x/webview@0.7.6/src/webview.ts": "063a64685c2d3946ef29722a7e9c1dac475c1a029fb713fc6abe3c950fe208f6"
  },
  "workspace": {
    "dependencies": [
      "jsr:@deno/emit@*",
      "jsr:@mwid/better-sse@*",
      "jsr:@std/assert@*",
      "jsr:@std/async@*",
      "jsr:@std/fmt@*",
      "jsr:@std/fs@*",
      "jsr:@std/http@*",
      "jsr:@std/jsonc@*",
      "jsr:@std/log@*",
      "jsr:@std/path@*",
      "jsr:@std/streams@*",
      "jsr:@std/yaml@*",
      "jsr:@webui/deno-webui@*",
      "jsr:@webview/webview@*",
      "npm:@danielx/civet@latest",
      "npm:@danielx/hera@latest",
      "npm:@types/node@*",
      "npm:@unblessed/node@*",
      "npm:console-gui-tools@*",
      "npm:fast-deep-equal@latest",
      "npm:inline-source-map@*",
      "npm:n-readlines@*",
      "npm:source-map@*",
      "npm:svelte@*",
      "npm:typescript@*",
      "npm:uglify-js@latest"
    ],
    "packageJson": {
      "dependencies": [
        "npm:console-gui-tools@^3.7.0"
      ]
    }
  }
}
